
Microsoft Visual Studio Solution File, Format Version 12.00
# Visual Studio Version 17
VisualStudioVersion = 17.0.31903.59
MinimumVisualStudioVersion = 10.0.40219.1
Project("{2150E333-8FDC-42A3-9474-1A3956D46DE8}") = "src", "src", "{436AAFC1-FBCC-41D0-B323-07AEB9FABE52}"
EndProject
Project("{00D1A9C2-B5F0-4AF3-8072-F6C62B433612}") = "ICM.AzureDB", "src\AzureDatabase\ICM.AzureDB.sqlproj", "{26A632B8-0D77-4E26-8227-32181EA9B087}"
EndProject
Project("{00D1A9C2-B5F0-4AF3-8072-F6C62B433612}") = "ICM.OnPremDataBase", "src\OnPremDataBase\ICM.OnPremDataBase.sqlproj", "{9E052ED4-18A7-49EC-AD82-6B59BBF3CD14}"
EndProject
Global
	GlobalSection(SolutionConfigurationPlatforms) = preSolution
		Debug|Any CPU = Debug|Any CPU
		Release|Any CPU = Release|Any CPU
	EndGlobalSection
	GlobalSection(ProjectConfigurationPlatforms) = postSolution
		{26A632B8-0D77-4E26-8227-32181EA9B087}.Debug|Any CPU.ActiveCfg = Debug|Any CPU
		{26A632B8-0D77-4E26-8227-32181EA9B087}.Debug|Any CPU.Build.0 = Debug|Any CPU
		{26A632B8-0D77-4E26-8227-32181EA9B087}.Debug|Any CPU.Deploy.0 = Debug|Any CPU
		{26A632B8-0D77-4E26-8227-32181EA9B087}.Release|Any CPU.ActiveCfg = Release|Any CPU
		{26A632B8-0D77-4E26-8227-32181EA9B087}.Release|Any CPU.Build.0 = Release|Any CPU
		{26A632B8-0D77-4E26-8227-32181EA9B087}.Release|Any CPU.Deploy.0 = Release|Any CPU
		{9E052ED4-18A7-49EC-AD82-6B59BBF3CD14}.Debug|Any CPU.ActiveCfg = Debug|Any CPU
		{9E052ED4-18A7-49EC-AD82-6B59BBF3CD14}.Debug|Any CPU.Build.0 = Debug|Any CPU
		{9E052ED4-18A7-49EC-AD82-6B59BBF3CD14}.Debug|Any CPU.Deploy.0 = Debug|Any CPU
		{9E052ED4-18A7-49EC-AD82-6B59BBF3CD14}.Release|Any CPU.ActiveCfg = Release|Any CPU
		{9E052ED4-18A7-49EC-AD82-6B59BBF3CD14}.Release|Any CPU.Build.0 = Release|Any CPU
		{9E052ED4-18A7-49EC-AD82-6B59BBF3CD14}.Release|Any CPU.Deploy.0 = Release|Any CPU
	EndGlobalSection
	GlobalSection(SolutionProperties) = preSolution
		HideSolutionNode = FALSE
	EndGlobalSection
	GlobalSection(NestedProjects) = preSolution
		{26A632B8-0D77-4E26-8227-32181EA9B087} = {436AAFC1-FBCC-41D0-B323-07AEB9FABE52}
		{9E052ED4-18A7-49EC-AD82-6B59BBF3CD14} = {436AAFC1-FBCC-41D0-B323-07AEB9FABE52}
	EndGlobalSection
	GlobalSection(ExtensibilityGlobals) = postSolution
		SolutionGuid = {C1B307EE-907F-4463-9CA6-B025DB32B33D}
	EndGlobalSection
EndGlobal
